
Microsoft Visual Studio Solution File, Format Version 12.00
# Visual Studio Version 17
VisualStudioVersion = 17.2.32630.192
MinimumVisualStudioVersion = 10.0.40219.1
Project("{FAE04EC0-301F-11D3-BF4B-00C04F79EFBC}") = "Count", "Count.csproj", "{6BB23016-E39B-43DD-ABAC-42B8861A6FA3}"
EndProject
Global
	GlobalSection(SolutionConfigurationPlatforms) = preSolution
		Debug|Any CPU = Debug|Any CPU
		Release|Any CPU = Release|Any CPU
	EndGlobalSection
	GlobalSection(ProjectConfigurationPlatforms) = postSolution
		{6BB23016-E39B-43DD-ABAC-42B8861A6FA3}.Debug|Any CPU.ActiveCfg = Debug|Any CPU
		{6BB23016-E39B-43DD-ABAC-42B8861A6FA3}.Debug|Any CPU.Build.0 = Debug|Any CPU
		{6BB23016-E39B-43DD-ABAC-42B8861A6FA3}.Release|Any CPU.ActiveCfg = Release|Any CPU
		{6BB23016-E39B-43DD-ABAC-42B8861A6FA3}.Release|Any CPU.Build.0 = Release|Any CPU
	EndGlobalSection
	GlobalSection(SolutionProperties) = preSolution
		HideSolutionNode = FALSE
	EndGlobalSection
	GlobalSection(ExtensibilityGlobals) = postSolution
		SolutionGuid = {B6023DF1-4E3E-473C-800A-2D0378B57560}
	EndGlobalSection
EndGlobal
